
Microsoft Visual Studio Solution File, Format Version 12.00
# Visual Studio Version 16
VisualStudioVersion = 16.0.29509.3
MinimumVisualStudioVersion = 10.0.40219.1
Project("{9A19103F-16F7-4668-BE54-9A1E7A4F7556}") = "ApiWeb", "src\Web\ApiWeb.csproj", "{4FE17C58-34AA-402C-BCFB-4D21DC2089E4}"
EndProject
Project("{2150E333-8FDC-42A3-9474-1A3956D46DE8}") = "Core", "Core", "{2B4FE6F7-BF07-4A99-91E6-7F6188821CAF}"
EndProject
Project("{2150E333-8FDC-42A3-9474-1A3956D46DE8}") = "Web", "Web", "{A0D658C7-FB8F-4FCB-AD73-EE01A03FBDF5}"
EndProject
Project("{9A19103F-16F7-4668-BE54-9A1E7A4F7556}") = "Core.Application", "src\Core\Application\Core.Application\Core.Application.csproj", "{F5706777-06A6-48CA-9C87-69F4FC29AC29}"
EndProject
Project("{9A19103F-16F7-4668-BE54-9A1E7A4F7556}") = "Core.Data", "src\Core\Data\Core.Data\Core.Data\Core.Data.csproj", "{35007794-F7F8-4F20-AB21-5EB0DBBE624A}"
EndProject
Project("{9A19103F-16F7-4668-BE54-9A1E7A4F7556}") = "Core.Data.Repository", "src\Core\Data\Core.Data.Repository\Core.Data.Repository.csproj", "{6974A259-660E-4BC5-B51E-AB568B03BA9D}"
EndProject
Project("{9A19103F-16F7-4668-BE54-9A1E7A4F7556}") = "Core.Infrastructure", "src\Core\Shared\Infrastructure\Core.Infrastructure.csproj", "{CE4D1DEF-FBFB-4F5C-B3DC-B514A9C2B7F8}"
EndProject
Project("{9A19103F-16F7-4668-BE54-9A1E7A4F7556}") = "Core.BaseWeb", "src\Core\Application\Core.BaseWeb\BaseWeb\Core.BaseWeb.csproj", "{1447EBC8-FE8B-48B9-9A12-215585AF989C}"
EndProject
Project("{9A19103F-16F7-4668-BE54-9A1E7A4F7556}") = "Core.Domain", "src\Core\Domain\Core.Domain\Core.Domain\Core.Domain.csproj", "{2EF5CC98-23BF-441B-845E-BA7227C7A60A}"
EndProject
Project("{9A19103F-16F7-4668-BE54-9A1E7A4F7556}") = "Core.Shared.Data", "src\Core\Shared\Data\Core.Shared.Data\Core.Shared.Data.csproj", "{AE66D3ED-1F26-4F90-9924-289B5FAEEA30}"
EndProject
Project("{9A19103F-16F7-4668-BE54-9A1E7A4F7556}") = "Core.Shared.Kernel", "src\Core\Shared\SharedKernel\Shared.Kernel\Core.Shared.Kernel.csproj", "{1FFD729D-549E-48B1-827B-8592A8283550}"
EndProject
Project("{2150E333-8FDC-42A3-9474-1A3956D46DE8}") = "Extensions", "Extensions", "{26909E26-EAD3-410F-B277-6857F1B8FB0E}"
EndProject
Project("{2150E333-8FDC-42A3-9474-1A3956D46DE8}") = "Modules", "Modules", "{71FF658D-4161-4037-B946-17860DDB576D}"
EndProject
Project("{FAE04EC0-301F-11D3-BF4B-00C04F79EFBC}") = "Extensions.Modules.Marketplace", "src\Extensions\Modules\Extensions.Modules.Marketplace\Extensions.Modules.Marletplace\Extensions.Modules.Marketplace.csproj", "{B9CEAB86-1B80-4B1D-AFF2-5A78C5105B97}"
EndProject
Global
	GlobalSection(SolutionConfigurationPlatforms) = preSolution
		Debug|Any CPU = Debug|Any CPU
		Release|Any CPU = Release|Any CPU
	EndGlobalSection
	GlobalSection(ProjectConfigurationPlatforms) = postSolution
		{4FE17C58-34AA-402C-BCFB-4D21DC2089E4}.Debug|Any CPU.ActiveCfg = Debug|Any CPU
		{4FE17C58-34AA-402C-BCFB-4D21DC2089E4}.Debug|Any CPU.Build.0 = Debug|Any CPU
		{4FE17C58-34AA-402C-BCFB-4D21DC2089E4}.Release|Any CPU.ActiveCfg = Release|Any CPU
		{4FE17C58-34AA-402C-BCFB-4D21DC2089E4}.Release|Any CPU.Build.0 = Release|Any CPU
		{F5706777-06A6-48CA-9C87-69F4FC29AC29}.Debug|Any CPU.ActiveCfg = Debug|Any CPU
		{F5706777-06A6-48CA-9C87-69F4FC29AC29}.Debug|Any CPU.Build.0 = Debug|Any CPU
		{F5706777-06A6-48CA-9C87-69F4FC29AC29}.Release|Any CPU.ActiveCfg = Release|Any CPU
		{F5706777-06A6-48CA-9C87-69F4FC29AC29}.Release|Any CPU.Build.0 = Release|Any CPU
		{35007794-F7F8-4F20-AB21-5EB0DBBE624A}.Debug|Any CPU.ActiveCfg = Debug|Any CPU
		{35007794-F7F8-4F20-AB21-5EB0DBBE624A}.Debug|Any CPU.Build.0 = Debug|Any CPU
		{35007794-F7F8-4F20-AB21-5EB0DBBE624A}.Release|Any CPU.ActiveCfg = Release|Any CPU
		{35007794-F7F8-4F20-AB21-5EB0DBBE624A}.Release|Any CPU.Build.0 = Release|Any CPU
		{6974A259-660E-4BC5-B51E-AB568B03BA9D}.Debug|Any CPU.ActiveCfg = Debug|Any CPU
		{6974A259-660E-4BC5-B51E-AB568B03BA9D}.Debug|Any CPU.Build.0 = Debug|Any CPU
		{6974A259-660E-4BC5-B51E-AB568B03BA9D}.Release|Any CPU.ActiveCfg = Release|Any CPU
		{6974A259-660E-4BC5-B51E-AB568B03BA9D}.Release|Any CPU.Build.0 = Release|Any CPU
		{CE4D1DEF-FBFB-4F5C-B3DC-B514A9C2B7F8}.Debug|Any CPU.ActiveCfg = Debug|Any CPU
		{CE4D1DEF-FBFB-4F5C-B3DC-B514A9C2B7F8}.Debug|Any CPU.Build.0 = Debug|Any CPU
		{CE4D1DEF-FBFB-4F5C-B3DC-B514A9C2B7F8}.Release|Any CPU.ActiveCfg = Release|Any CPU
		{CE4D1DEF-FBFB-4F5C-B3DC-B514A9C2B7F8}.Release|Any CPU.Build.0 = Release|Any CPU
		{1447EBC8-FE8B-48B9-9A12-215585AF989C}.Debug|Any CPU.ActiveCfg = Debug|Any CPU
		{1447EBC8-FE8B-48B9-9A12-215585AF989C}.Debug|Any CPU.Build.0 = Debug|Any CPU
		{1447EBC8-FE8B-48B9-9A12-215585AF989C}.Release|Any CPU.ActiveCfg = Release|Any CPU
		{1447EBC8-FE8B-48B9-9A12-215585AF989C}.Release|Any CPU.Build.0 = Release|Any CPU
		{2EF5CC98-23BF-441B-845E-BA7227C7A60A}.Debug|Any CPU.ActiveCfg = Debug|Any CPU
		{2EF5CC98-23BF-441B-845E-BA7227C7A60A}.Debug|Any CPU.Build.0 = Debug|Any CPU
		{2EF5CC98-23BF-441B-845E-BA7227C7A60A}.Release|Any CPU.ActiveCfg = Release|Any CPU
		{2EF5CC98-23BF-441B-845E-BA7227C7A60A}.Release|Any CPU.Build.0 = Release|Any CPU
		{AE66D3ED-1F26-4F90-9924-289B5FAEEA30}.Debug|Any CPU.ActiveCfg = Debug|Any CPU
		{AE66D3ED-1F26-4F90-9924-289B5FAEEA30}.Debug|Any CPU.Build.0 = Debug|Any CPU
		{AE66D3ED-1F26-4F90-9924-289B5FAEEA30}.Release|Any CPU.ActiveCfg = Release|Any CPU
		{AE66D3ED-1F26-4F90-9924-289B5FAEEA30}.Release|Any CPU.Build.0 = Release|Any CPU
		{1FFD729D-549E-48B1-827B-8592A8283550}.Debug|Any CPU.ActiveCfg = Debug|Any CPU
		{1FFD729D-549E-48B1-827B-8592A8283550}.Debug|Any CPU.Build.0 = Debug|Any CPU
		{1FFD729D-549E-48B1-827B-8592A8283550}.Release|Any CPU.ActiveCfg = Release|Any CPU
		{1FFD729D-549E-48B1-827B-8592A8283550}.Release|Any CPU.Build.0 = Release|Any CPU
		{B9CEAB86-1B80-4B1D-AFF2-5A78C5105B97}.Debug|Any CPU.ActiveCfg = Debug|Any CPU
		{B9CEAB86-1B80-4B1D-AFF2-5A78C5105B97}.Debug|Any CPU.Build.0 = Debug|Any CPU
		{B9CEAB86-1B80-4B1D-AFF2-5A78C5105B97}.Release|Any CPU.ActiveCfg = Release|Any CPU
		{B9CEAB86-1B80-4B1D-AFF2-5A78C5105B97}.Release|Any CPU.Build.0 = Release|Any CPU
	EndGlobalSection
	GlobalSection(SolutionProperties) = preSolution
		HideSolutionNode = FALSE
	EndGlobalSection
	GlobalSection(NestedProjects) = preSolution
		{4FE17C58-34AA-402C-BCFB-4D21DC2089E4} = {A0D658C7-FB8F-4FCB-AD73-EE01A03FBDF5}
		{F5706777-06A6-48CA-9C87-69F4FC29AC29} = {2B4FE6F7-BF07-4A99-91E6-7F6188821CAF}
		{35007794-F7F8-4F20-AB21-5EB0DBBE624A} = {2B4FE6F7-BF07-4A99-91E6-7F6188821CAF}
		{6974A259-660E-4BC5-B51E-AB568B03BA9D} = {2B4FE6F7-BF07-4A99-91E6-7F6188821CAF}
		{CE4D1DEF-FBFB-4F5C-B3DC-B514A9C2B7F8} = {2B4FE6F7-BF07-4A99-91E6-7F6188821CAF}
		{1447EBC8-FE8B-48B9-9A12-215585AF989C} = {2B4FE6F7-BF07-4A99-91E6-7F6188821CAF}
		{2EF5CC98-23BF-441B-845E-BA7227C7A60A} = {2B4FE6F7-BF07-4A99-91E6-7F6188821CAF}
		{AE66D3ED-1F26-4F90-9924-289B5FAEEA30} = {2B4FE6F7-BF07-4A99-91E6-7F6188821CAF}
		{1FFD729D-549E-48B1-827B-8592A8283550} = {2B4FE6F7-BF07-4A99-91E6-7F6188821CAF}
		{71FF658D-4161-4037-B946-17860DDB576D} = {26909E26-EAD3-410F-B277-6857F1B8FB0E}
		{B9CEAB86-1B80-4B1D-AFF2-5A78C5105B97} = {71FF658D-4161-4037-B946-17860DDB576D}
	EndGlobalSection
	GlobalSection(ExtensibilityGlobals) = postSolution
		SolutionGuid = {DF5B9E36-3DB0-4352-90C2-69F4C474C260}
	EndGlobalSection
EndGlobal
